
Microsoft Visual Studio Solution File, Format Version 12.00
# Visual Studio Version 16
VisualStudioVersion = 16.0.31321.278
MinimumVisualStudioVersion = 10.0.40219.1
Project("{8BC9CEB8-8B4A-11D0-8D11-00A0C91BC942}") = "OpenGL01", "OpenGL01\OpenGL01.vcxproj", "{38DB3810-4C43-4127-8E61-55F5C16556FA}"
EndProject
Project("{8BC9CEB8-8B4A-11D0-8D11-00A0C91BC942}") = "opengl01_homework01", "opengl01_homework01\opengl01_homework01.vcxproj", "{A28D9800-0FED-486F-8E8E-4670C52ED353}"
	ProjectSection(ProjectDependencies) = postProject
		{38DB3810-4C43-4127-8E61-55F5C16556FA} = {38DB3810-4C43-4127-8E61-55F5C16556FA}
	EndProjectSection
EndProject
Project("{8BC9CEB8-8B4A-11D0-8D11-00A0C91BC942}") = "opengl01_homework02", "opengl01_homework02\opengl01_homework02.vcxproj", "{6D02A69D-5BF1-4DE3-89CC-2C0158146076}"
EndProject
Project("{8BC9CEB8-8B4A-11D0-8D11-00A0C91BC942}") = "opengl01_homework03", "opengl01_homework03\opengl01_homework03.vcxproj", "{DA0E71BE-C0DE-433D-9062-1DE609543CF9}"
EndProject
Project("{8BC9CEB8-8B4A-11D0-8D11-00A0C91BC942}") = "opengl01_homework04_05", "opengl01_homework04_05\opengl01_homework04_05.vcxproj", "{559C890E-CA37-40C6-9390-C132B4B2F768}"
EndProject
Project("{8BC9CEB8-8B4A-11D0-8D11-00A0C91BC942}") = "opengl01_homework06", "opengl01_homework06\opengl01_homework06.vcxproj", "{FB3490A2-EB05-4AD3-BD5A-17CE7B85D78E}"
EndProject
Project("{8BC9CEB8-8B4A-11D0-8D11-00A0C91BC942}") = "opengl01_textures_hw03", "opengl01_textures_hw03\opengl01_textures_hw03.vcxproj", "{1B736014-4D3F-445E-80A5-76D901C61229}"
EndProject
Project("{8BC9CEB8-8B4A-11D0-8D11-00A0C91BC942}") = "opengl01_textures_hw01_02", "opengl01_textures_hw01_02\opengl01_textures_hw01_02.vcxproj", "{68E587BA-4052-4160-99E5-69859FA815EF}"
EndProject
Project("{8BC9CEB8-8B4A-11D0-8D11-00A0C91BC942}") = "opengl01_textures_hw04", "opengl01_textures_hw04\opengl01_textures_hw04.vcxproj", "{5FB55F2E-34E2-40B6-8D3B-9779635BC20C}"
EndProject
Project("{8BC9CEB8-8B4A-11D0-8D11-00A0C91BC942}") = "opengl01_transform", "opengl01_transform\opengl01_transform.vcxproj", "{37E10A72-3BB0-4536-B880-DB6ADA454F78}"
EndProject
Project("{8BC9CEB8-8B4A-11D0-8D11-00A0C91BC942}") = "opengl01_3D_01", "opengl01_3D_01\opengl01_3D_01.vcxproj", "{49081ABC-0396-4417-9ADD-1B0F8F2D436C}"
EndProject
Project("{8BC9CEB8-8B4A-11D0-8D11-00A0C91BC942}") = "opengl01_3D_02", "opengl01_3D_02\opengl01_3D_02.vcxproj", "{3194B937-9431-4723-906A-76653B44A728}"
EndProject
Project("{8BC9CEB8-8B4A-11D0-8D11-00A0C91BC942}") = "opengl01_camera", "opengl01_camera\opengl01_camera.vcxproj", "{372D004C-0A7C-417C-A7AE-8FD471664A02}"
EndProject
Project("{8BC9CEB8-8B4A-11D0-8D11-00A0C91BC942}") = "opengl01_light01", "opengl01_light01\opengl01_light01.vcxproj", "{8BCE124F-1D7E-40A2-8C69-D24E673A8FFD}"
EndProject
Global
	GlobalSection(SolutionConfigurationPlatforms) = preSolution
		Debug|x64 = Debug|x64
		Debug|x86 = Debug|x86
		Release|x64 = Release|x64
		Release|x86 = Release|x86
	EndGlobalSection
	GlobalSection(ProjectConfigurationPlatforms) = postSolution
		{38DB3810-4C43-4127-8E61-55F5C16556FA}.Debug|x64.ActiveCfg = Debug|x64
		{38DB3810-4C43-4127-8E61-55F5C16556FA}.Debug|x64.Build.0 = Debug|x64
		{38DB3810-4C43-4127-8E61-55F5C16556FA}.Debug|x86.ActiveCfg = Debug|Win32
		{38DB3810-4C43-4127-8E61-55F5C16556FA}.Debug|x86.Build.0 = Debug|Win32
		{38DB3810-4C43-4127-8E61-55F5C16556FA}.Release|x64.ActiveCfg = Release|x64
		{38DB3810-4C43-4127-8E61-55F5C16556FA}.Release|x64.Build.0 = Release|x64
		{38DB3810-4C43-4127-8E61-55F5C16556FA}.Release|x86.ActiveCfg = Release|Win32
		{38DB3810-4C43-4127-8E61-55F5C16556FA}.Release|x86.Build.0 = Release|Win32
		{A28D9800-0FED-486F-8E8E-4670C52ED353}.Debug|x64.ActiveCfg = Debug|x64
		{A28D9800-0FED-486F-8E8E-4670C52ED353}.Debug|x64.Build.0 = Debug|x64
		{A28D9800-0FED-486F-8E8E-4670C52ED353}.Debug|x86.ActiveCfg = Debug|Win32
		{A28D9800-0FED-486F-8E8E-4670C52ED353}.Debug|x86.Build.0 = Debug|Win32
		{A28D9800-0FED-486F-8E8E-4670C52ED353}.Release|x64.ActiveCfg = Release|x64
		{A28D9800-0FED-486F-8E8E-4670C52ED353}.Release|x64.Build.0 = Release|x64
		{A28D9800-0FED-486F-8E8E-4670C52ED353}.Release|x86.ActiveCfg = Release|Win32
		{A28D9800-0FED-486F-8E8E-4670C52ED353}.Release|x86.Build.0 = Release|Win32
		{6D02A69D-5BF1-4DE3-89CC-2C0158146076}.Debug|x64.ActiveCfg = Debug|x64
		{6D02A69D-5BF1-4DE3-89CC-2C0158146076}.Debug|x64.Build.0 = Debug|x64
		{6D02A69D-5BF1-4DE3-89CC-2C0158146076}.Debug|x86.ActiveCfg = Debug|Win32
		{6D02A69D-5BF1-4DE3-89CC-2C0158146076}.Debug|x86.Build.0 = Debug|Win32
		{6D02A69D-5BF1-4DE3-89CC-2C0158146076}.Release|x64.ActiveCfg = Release|x64
		{6D02A69D-5BF1-4DE3-89CC-2C0158146076}.Release|x64.Build.0 = Release|x64
		{6D02A69D-5BF1-4DE3-89CC-2C0158146076}.Release|x86.ActiveCfg = Release|Win32
		{6D02A69D-5BF1-4DE3-89CC-2C0158146076}.Release|x86.Build.0 = Release|Win32
		{DA0E71BE-C0DE-433D-9062-1DE609543CF9}.Debug|x64.ActiveCfg = Debug|x64
		{DA0E71BE-C0DE-433D-9062-1DE609543CF9}.Debug|x64.Build.0 = Debug|x64
		{DA0E71BE-C0DE-433D-9062-1DE609543CF9}.Debug|x86.ActiveCfg = Debug|Win32
		{DA0E71BE-C0DE-433D-9062-1DE609543CF9}.Debug|x86.Build.0 = Debug|Win32
		{DA0E71BE-C0DE-433D-9062-1DE609543CF9}.Release|x64.ActiveCfg = Release|x64
		{DA0E71BE-C0DE-433D-9062-1DE609543CF9}.Release|x64.Build.0 = Release|x64
		{DA0E71BE-C0DE-433D-9062-1DE609543CF9}.Release|x86.ActiveCfg = Release|Win32
		{DA0E71BE-C0DE-433D-9062-1DE609543CF9}.Release|x86.Build.0 = Release|Win32
		{559C890E-CA37-40C6-9390-C132B4B2F768}.Debug|x64.ActiveCfg = Debug|x64
		{559C890E-CA37-40C6-9390-C132B4B2F768}.Debug|x64.Build.0 = Debug|x64
		{559C890E-CA37-40C6-9390-C132B4B2F768}.Debug|x86.ActiveCfg = Debug|Win32
		{559C890E-CA37-40C6-9390-C132B4B2F768}.Debug|x86.Build.0 = Debug|Win32
		{559C890E-CA37-40C6-9390-C132B4B2F768}.Release|x64.ActiveCfg = Release|x64
		{559C890E-CA37-40C6-9390-C132B4B2F768}.Release|x64.Build.0 = Release|x64
		{559C890E-CA37-40C6-9390-C132B4B2F768}.Release|x86.ActiveCfg = Release|Win32
		{559C890E-CA37-40C6-9390-C132B4B2F768}.Release|x86.Build.0 = Release|Win32
		{FB3490A2-EB05-4AD3-BD5A-17CE7B85D78E}.Debug|x64.ActiveCfg = Debug|x64
		{FB3490A2-EB05-4AD3-BD5A-17CE7B85D78E}.Debug|x64.Build.0 = Debug|x64
		{FB3490A2-EB05-4AD3-BD5A-17CE7B85D78E}.Debug|x86.ActiveCfg = Debug|Win32
		{FB3490A2-EB05-4AD3-BD5A-17CE7B85D78E}.Debug|x86.Build.0 = Debug|Win32
		{FB3490A2-EB05-4AD3-BD5A-17CE7B85D78E}.Release|x64.ActiveCfg = Release|x64
		{FB3490A2-EB05-4AD3-BD5A-17CE7B85D78E}.Release|x64.Build.0 = Release|x64
		{FB3490A2-EB05-4AD3-BD5A-17CE7B85D78E}.Release|x86.ActiveCfg = Release|Win32
		{FB3490A2-EB05-4AD3-BD5A-17CE7B85D78E}.Release|x86.Build.0 = Release|Win32
		{1B736014-4D3F-445E-80A5-76D901C61229}.Debug|x64.ActiveCfg = Debug|x64
		{1B736014-4D3F-445E-80A5-76D901C61229}.Debug|x64.Build.0 = Debug|x64
		{1B736014-4D3F-445E-80A5-76D901C61229}.Debug|x86.ActiveCfg = Debug|Win32
		{1B736014-4D3F-445E-80A5-76D901C61229}.Debug|x86.Build.0 = Debug|Win32
		{1B736014-4D3F-445E-80A5-76D901C61229}.Release|x64.ActiveCfg = Release|x64
		{1B736014-4D3F-445E-80A5-76D901C61229}.Release|x64.Build.0 = Release|x64
		{1B736014-4D3F-445E-80A5-76D901C61229}.Release|x86.ActiveCfg = Release|Win32
		{1B736014-4D3F-445E-80A5-76D901C61229}.Release|x86.Build.0 = Release|Win32
		{68E587BA-4052-4160-99E5-69859FA815EF}.Debug|x64.ActiveCfg = Debug|x64
		{68E587BA-4052-4160-99E5-69859FA815EF}.Debug|x64.Build.0 = Debug|x64
		{68E587BA-4052-4160-99E5-69859FA815EF}.Debug|x86.ActiveCfg = Debug|Win32
		{68E587BA-4052-4160-99E5-69859FA815EF}.Debug|x86.Build.0 = Debug|Win32
		{68E587BA-4052-4160-99E5-69859FA815EF}.Release|x64.ActiveCfg = Release|x64
		{68E587BA-4052-4160-99E5-69859FA815EF}.Release|x64.Build.0 = Release|x64
		{68E587BA-4052-4160-99E5-69859FA815EF}.Release|x86.ActiveCfg = Release|Win32
		{68E587BA-4052-4160-99E5-69859FA815EF}.Release|x86.Build.0 = Release|Win32
		{5FB55F2E-34E2-40B6-8D3B-9779635BC20C}.Debug|x64.ActiveCfg = Debug|x64
		{5FB55F2E-34E2-40B6-8D3B-9779635BC20C}.Debug|x64.Build.0 = Debug|x64
		{5FB55F2E-34E2-40B6-8D3B-9779635BC20C}.Debug|x86.ActiveCfg = Debug|Win32
		{5FB55F2E-34E2-40B6-8D3B-9779635BC20C}.Debug|x86.Build.0 = Debug|Win32
		{5FB55F2E-34E2-40B6-8D3B-9779635BC20C}.Release|x64.ActiveCfg = Release|x64
		{5FB55F2E-34E2-40B6-8D3B-9779635BC20C}.Release|x64.Build.0 = Release|x64
		{5FB55F2E-34E2-40B6-8D3B-9779635BC20C}.Release|x86.ActiveCfg = Release|Win32
		{5FB55F2E-34E2-40B6-8D3B-9779635BC20C}.Release|x86.Build.0 = Release|Win32
		{37E10A72-3BB0-4536-B880-DB6ADA454F78}.Debug|x64.ActiveCfg = Debug|x64
		{37E10A72-3BB0-4536-B880-DB6ADA454F78}.Debug|x64.Build.0 = Debug|x64
		{37E10A72-3BB0-4536-B880-DB6ADA454F78}.Debug|x86.ActiveCfg = Debug|Win32
		{37E10A72-3BB0-4536-B880-DB6ADA454F78}.Debug|x86.Build.0 = Debug|Win32
		{37E10A72-3BB0-4536-B880-DB6ADA454F78}.Release|x64.ActiveCfg = Release|x64
		{37E10A72-3BB0-4536-B880-DB6ADA454F78}.Release|x64.Build.0 = Release|x64
		{37E10A72-3BB0-4536-B880-DB6ADA454F78}.Release|x86.ActiveCfg = Release|Win32
		{37E10A72-3BB0-4536-B880-DB6ADA454F78}.Release|x86.Build.0 = Release|Win32
		{49081ABC-0396-4417-9ADD-1B0F8F2D436C}.Debug|x64.ActiveCfg = Debug|x64
		{49081ABC-0396-4417-9ADD-1B0F8F2D436C}.Debug|x64.Build.0 = Debug|x64
		{49081ABC-0396-4417-9ADD-1B0F8F2D436C}.Debug|x86.ActiveCfg = Debug|Win32
		{49081ABC-0396-4417-9ADD-1B0F8F2D436C}.Debug|x86.Build.0 = Debug|Win32
		{49081ABC-0396-4417-9ADD-1B0F8F2D436C}.Release|x64.ActiveCfg = Release|x64
		{49081ABC-0396-4417-9ADD-1B0F8F2D436C}.Release|x64.Build.0 = Release|x64
		{49081ABC-0396-4417-9ADD-1B0F8F2D436C}.Release|x86.ActiveCfg = Release|Win32
		{49081ABC-0396-4417-9ADD-1B0F8F2D436C}.Release|x86.Build.0 = Release|Win32
		{3194B937-9431-4723-906A-76653B44A728}.Debug|x64.ActiveCfg = Debug|x64
		{3194B937-9431-4723-906A-76653B44A728}.Debug|x64.Build.0 = Debug|x64
		{3194B937-9431-4723-906A-76653B44A728}.Debug|x86.ActiveCfg = Debug|Win32
		{3194B937-9431-4723-906A-76653B44A728}.Debug|x86.Build.0 = Debug|Win32
		{3194B937-9431-4723-906A-76653B44A728}.Release|x64.ActiveCfg = Release|x64
		{3194B937-9431-4723-906A-76653B44A728}.Release|x64.Build.0 = Release|x64
		{3194B937-9431-4723-906A-76653B44A728}.Release|x86.ActiveCfg = Release|Win32
		{3194B937-9431-4723-906A-76653B44A728}.Release|x86.Build.0 = Release|Win32
		{372D004C-0A7C-417C-A7AE-8FD471664A02}.Debug|x64.ActiveCfg = Debug|x64
		{372D004C-0A7C-417C-A7AE-8FD471664A02}.Debug|x64.Build.0 = Debug|x64
		{372D004C-0A7C-417C-A7AE-8FD471664A02}.Debug|x86.ActiveCfg = Debug|Win32
		{372D004C-0A7C-417C-A7AE-8FD471664A02}.Debug|x86.Build.0 = Debug|Win32
		{372D004C-0A7C-417C-A7AE-8FD471664A02}.Release|x64.ActiveCfg = Release|x64
		{372D004C-0A7C-417C-A7AE-8FD471664A02}.Release|x64.Build.0 = Release|x64
		{372D004C-0A7C-417C-A7AE-8FD471664A02}.Release|x86.ActiveCfg = Release|Win32
		{372D004C-0A7C-417C-A7AE-8FD471664A02}.Release|x86.Build.0 = Release|Win32
		{8BCE124F-1D7E-40A2-8C69-D24E673A8FFD}.Debug|x64.ActiveCfg = Debug|x64
		{8BCE124F-1D7E-40A2-8C69-D24E673A8FFD}.Debug|x64.Build.0 = Debug|x64
		{8BCE124F-1D7E-40A2-8C69-D24E673A8FFD}.Debug|x86.ActiveCfg = Debug|Win32
		{8BCE124F-1D7E-40A2-8C69-D24E673A8FFD}.Debug|x86.Build.0 = Debug|Win32
		{8BCE124F-1D7E-40A2-8C69-D24E673A8FFD}.Release|x64.ActiveCfg = Release|x64
		{8BCE124F-1D7E-40A2-8C69-D24E673A8FFD}.Release|x64.Build.0 = Release|x64
		{8BCE124F-1D7E-40A2-8C69-D24E673A8FFD}.Release|x86.ActiveCfg = Release|Win32
		{8BCE124F-1D7E-40A2-8C69-D24E673A8FFD}.Release|x86.Build.0 = Release|Win32
	EndGlobalSection
	GlobalSection(SolutionProperties) = preSolution
		HideSolutionNode = FALSE
	EndGlobalSection
	GlobalSection(ExtensibilityGlobals) = postSolution
		SolutionGuid = {741DEA12-DF1B-4633-BC98-D9227146C90E}
	EndGlobalSection
EndGlobal
